<Solution>
  <Folder Name="/src/">
    <Project Path="src/App/App.csproj" />
    <Project Path="src/Shell/Shell.csproj" />
    <Project Path="src/UI/UI.csproj" />
  </Folder>
  <Folder Name="/tests/">
    <Project Path="tests/Tests.csproj" />
  </Folder>
  <Folder Name="/tests/Core/">
    <Project Path="tests/Core/CoreChecks.csproj" />
  </Folder>
</Solution>
